{
    "name": "hello-poco-qrcode.",
    "version": "1.0.0",
    "lockfileVersion": 3,
    "requires": true,
    "packages": {
        "": {
            "name": "hello-poco-qrcode.",
            "version": "1.0.0",
            "dependencies": {
                "@rebble/clay": "^1.0.8"
            }
        },
        "node_modules/@rebble/clay": {
            "version": "1.0.8",
            "license": "MIT"
        }
    }
}
